
Microsoft Visual Studio Solution File, Format Version 12.00
# Visual Studio Version 16
VisualStudioVersion = 16.0.30002.166
MinimumVisualStudioVersion = 10.0.40219.1
Project("{FAE04EC0-301F-11D3-BF4B-00C04F79EFBC}") = "Lab6", "Lab6\Lab6.csproj", "{090989D0-59BC-4875-A9B6-4ADDA73C760A}"
EndProject
Global
	GlobalSection(SolutionConfigurationPlatforms) = preSolution
		Debug|Any CPU = Debug|Any CPU
		Release|Any CPU = Release|Any CPU
	EndGlobalSection
	GlobalSection(ProjectConfigurationPlatforms) = postSolution
		{090989D0-59BC-4875-A9B6-4ADDA73C760A}.Debug|Any CPU.ActiveCfg = Debug|Any CPU
		{090989D0-59BC-4875-A9B6-4ADDA73C760A}.Debug|Any CPU.Build.0 = Debug|Any CPU
		{090989D0-59BC-4875-A9B6-4ADDA73C760A}.Release|Any CPU.ActiveCfg = Release|Any CPU
		{090989D0-59BC-4875-A9B6-4ADDA73C760A}.Release|Any CPU.Build.0 = Release|Any CPU
	EndGlobalSection
	GlobalSection(SolutionProperties) = preSolution
		HideSolutionNode = FALSE
	EndGlobalSection
	GlobalSection(ExtensibilityGlobals) = postSolution
		SolutionGuid = {F5EF5CDD-4F3C-423D-B8B8-66B02ADA36D5}
	EndGlobalSection
EndGlobal
